
Microsoft Visual Studio Solution File, Format Version 12.00
# Visual Studio Version 16
VisualStudioVersion = 16.0.29709.97
MinimumVisualStudioVersion = 10.0.40219.1
Project("{9A19103F-16F7-4668-BE54-9A1E7A4F7556}") = "LinkedList", "LinkedList\LinkedList.csproj", "{713AF303-BED6-4D6D-AD40-8A4C937D7AB1}"
EndProject
Project("{9A19103F-16F7-4668-BE54-9A1E7A4F7556}") = "Tests", "Tests\Tests.csproj", "{F7F45B82-7566-479D-8220-33FA47C821AF}"
EndProject
Project("{9A19103F-16F7-4668-BE54-9A1E7A4F7556}") = "DoublyLinkedList", "DoublyLinkedList\DoublyLinkedList.csproj", "{77DAD17B-FAB0-439E-8620-FCF19795EB10}"
EndProject
Project("{9A19103F-16F7-4668-BE54-9A1E7A4F7556}") = "Stack", "Stack\Stack.csproj", "{36794BF5-BFBB-427A-8012-DD4CEAD7A3CB}"
EndProject
Project("{9A19103F-16F7-4668-BE54-9A1E7A4F7556}") = "Queue", "Queue\Queue.csproj", "{D3BF8E4F-3A69-4317-A0E9-3AC14F2E49AE}"
EndProject
Project("{9A19103F-16F7-4668-BE54-9A1E7A4F7556}") = "PriorityQueue", "PriorityQueue\PriorityQueue.csproj", "{195F4F57-6EDA-4EC5-A272-78293E263572}"
EndProject
Project("{FAE04EC0-301F-11D3-BF4B-00C04F79EFBC}") = "BinaryTree", "BinaryTree\BinaryTree.csproj", "{D8B2E6E5-E9E4-4517-89A8-36B32559C7F1}"
EndProject
Global
	GlobalSection(SolutionConfigurationPlatforms) = preSolution
		Debug|Any CPU = Debug|Any CPU
		Release|Any CPU = Release|Any CPU
	EndGlobalSection
	GlobalSection(ProjectConfigurationPlatforms) = postSolution
		{713AF303-BED6-4D6D-AD40-8A4C937D7AB1}.Debug|Any CPU.ActiveCfg = Debug|Any CPU
		{713AF303-BED6-4D6D-AD40-8A4C937D7AB1}.Debug|Any CPU.Build.0 = Debug|Any CPU
		{713AF303-BED6-4D6D-AD40-8A4C937D7AB1}.Release|Any CPU.ActiveCfg = Release|Any CPU
		{713AF303-BED6-4D6D-AD40-8A4C937D7AB1}.Release|Any CPU.Build.0 = Release|Any CPU
		{F7F45B82-7566-479D-8220-33FA47C821AF}.Debug|Any CPU.ActiveCfg = Debug|Any CPU
		{F7F45B82-7566-479D-8220-33FA47C821AF}.Debug|Any CPU.Build.0 = Debug|Any CPU
		{F7F45B82-7566-479D-8220-33FA47C821AF}.Release|Any CPU.ActiveCfg = Release|Any CPU
		{F7F45B82-7566-479D-8220-33FA47C821AF}.Release|Any CPU.Build.0 = Release|Any CPU
		{77DAD17B-FAB0-439E-8620-FCF19795EB10}.Debug|Any CPU.ActiveCfg = Debug|Any CPU
		{77DAD17B-FAB0-439E-8620-FCF19795EB10}.Debug|Any CPU.Build.0 = Debug|Any CPU
		{77DAD17B-FAB0-439E-8620-FCF19795EB10}.Release|Any CPU.ActiveCfg = Release|Any CPU
		{77DAD17B-FAB0-439E-8620-FCF19795EB10}.Release|Any CPU.Build.0 = Release|Any CPU
		{36794BF5-BFBB-427A-8012-DD4CEAD7A3CB}.Debug|Any CPU.ActiveCfg = Debug|Any CPU
		{36794BF5-BFBB-427A-8012-DD4CEAD7A3CB}.Debug|Any CPU.Build.0 = Debug|Any CPU
		{36794BF5-BFBB-427A-8012-DD4CEAD7A3CB}.Release|Any CPU.ActiveCfg = Release|Any CPU
		{36794BF5-BFBB-427A-8012-DD4CEAD7A3CB}.Release|Any CPU.Build.0 = Release|Any CPU
		{D3BF8E4F-3A69-4317-A0E9-3AC14F2E49AE}.Debug|Any CPU.ActiveCfg = Debug|Any CPU
		{D3BF8E4F-3A69-4317-A0E9-3AC14F2E49AE}.Debug|Any CPU.Build.0 = Debug|Any CPU
		{D3BF8E4F-3A69-4317-A0E9-3AC14F2E49AE}.Release|Any CPU.ActiveCfg = Release|Any CPU
		{D3BF8E4F-3A69-4317-A0E9-3AC14F2E49AE}.Release|Any CPU.Build.0 = Release|Any CPU
		{195F4F57-6EDA-4EC5-A272-78293E263572}.Debug|Any CPU.ActiveCfg = Debug|Any CPU
		{195F4F57-6EDA-4EC5-A272-78293E263572}.Debug|Any CPU.Build.0 = Debug|Any CPU
		{195F4F57-6EDA-4EC5-A272-78293E263572}.Release|Any CPU.ActiveCfg = Release|Any CPU
		{195F4F57-6EDA-4EC5-A272-78293E263572}.Release|Any CPU.Build.0 = Release|Any CPU
		{D8B2E6E5-E9E4-4517-89A8-36B32559C7F1}.Debug|Any CPU.ActiveCfg = Debug|Any CPU
		{D8B2E6E5-E9E4-4517-89A8-36B32559C7F1}.Debug|Any CPU.Build.0 = Debug|Any CPU
		{D8B2E6E5-E9E4-4517-89A8-36B32559C7F1}.Release|Any CPU.ActiveCfg = Release|Any CPU
		{D8B2E6E5-E9E4-4517-89A8-36B32559C7F1}.Release|Any CPU.Build.0 = Release|Any CPU
	EndGlobalSection
	GlobalSection(SolutionProperties) = preSolution
		HideSolutionNode = FALSE
	EndGlobalSection
	GlobalSection(ExtensibilityGlobals) = postSolution
		SolutionGuid = {0C8BC75A-DD21-4257-898B-4AD9F83B72CF}
	EndGlobalSection
EndGlobal
